
Microsoft Visual Studio Solution File, Format Version 12.00
# Visual Studio Version 16
VisualStudioVersion = 16.0.31402.337
MinimumVisualStudioVersion = 10.0.40219.1
Project("{FAE04EC0-301F-11D3-BF4B-00C04F79EFBC}") = "TextSentimentAnalysis", "TextSentimentAnalysis\TextSentimentAnalysis.csproj", "{8F491199-7F5F-41C7-9FF3-B3BA4E9D3ADE}"
EndProject
Project("{2150E333-8FDC-42A3-9474-1A3956D46DE8}") = "BinaryClassification", "BinaryClassification", "{9E14A1B2-D843-4BF5-B10E-ACECB9632F43}"
EndProject
Project("{FAE04EC0-301F-11D3-BF4B-00C04F79EFBC}") = "XSSDefender.ConsoleClient", "XSSDefender.ConsoleClient\XSSDefender.ConsoleClient.csproj", "{4C008610-ED80-41E4-8010-671B52A9D5F3}"
EndProject
Project("{FAE04EC0-301F-11D3-BF4B-00C04F79EFBC}") = "TextSentimentAnalysisWebApi", "TextSentimentAnalysisWebApi\TextSentimentAnalysisWebApi.csproj", "{1F22C5FC-1496-458A-B878-9AF1B2DDA8E5}"
EndProject
Project("{FAE04EC0-301F-11D3-BF4B-00C04F79EFBC}") = "XSSDefender.WebApp", "XSSDefender.WebApp\XSSDefender.WebApp.csproj", "{E882B495-BBA7-4626-B590-5F21F14918E7}"
EndProject
Global
	GlobalSection(SolutionConfigurationPlatforms) = preSolution
		Debug|Any CPU = Debug|Any CPU
		Release|Any CPU = Release|Any CPU
	EndGlobalSection
	GlobalSection(ProjectConfigurationPlatforms) = postSolution
		{8F491199-7F5F-41C7-9FF3-B3BA4E9D3ADE}.Debug|Any CPU.ActiveCfg = Debug|Any CPU
		{8F491199-7F5F-41C7-9FF3-B3BA4E9D3ADE}.Debug|Any CPU.Build.0 = Debug|Any CPU
		{8F491199-7F5F-41C7-9FF3-B3BA4E9D3ADE}.Release|Any CPU.ActiveCfg = Release|Any CPU
		{8F491199-7F5F-41C7-9FF3-B3BA4E9D3ADE}.Release|Any CPU.Build.0 = Release|Any CPU
		{4C008610-ED80-41E4-8010-671B52A9D5F3}.Debug|Any CPU.ActiveCfg = Debug|Any CPU
		{4C008610-ED80-41E4-8010-671B52A9D5F3}.Debug|Any CPU.Build.0 = Debug|Any CPU
		{4C008610-ED80-41E4-8010-671B52A9D5F3}.Release|Any CPU.ActiveCfg = Release|Any CPU
		{4C008610-ED80-41E4-8010-671B52A9D5F3}.Release|Any CPU.Build.0 = Release|Any CPU
		{1F22C5FC-1496-458A-B878-9AF1B2DDA8E5}.Debug|Any CPU.ActiveCfg = Debug|Any CPU
		{1F22C5FC-1496-458A-B878-9AF1B2DDA8E5}.Debug|Any CPU.Build.0 = Debug|Any CPU
		{1F22C5FC-1496-458A-B878-9AF1B2DDA8E5}.Release|Any CPU.ActiveCfg = Release|Any CPU
		{1F22C5FC-1496-458A-B878-9AF1B2DDA8E5}.Release|Any CPU.Build.0 = Release|Any CPU
		{E882B495-BBA7-4626-B590-5F21F14918E7}.Debug|Any CPU.ActiveCfg = Debug|Any CPU
		{E882B495-BBA7-4626-B590-5F21F14918E7}.Debug|Any CPU.Build.0 = Debug|Any CPU
		{E882B495-BBA7-4626-B590-5F21F14918E7}.Release|Any CPU.ActiveCfg = Release|Any CPU
		{E882B495-BBA7-4626-B590-5F21F14918E7}.Release|Any CPU.Build.0 = Release|Any CPU
	EndGlobalSection
	GlobalSection(SolutionProperties) = preSolution
		HideSolutionNode = FALSE
	EndGlobalSection
	GlobalSection(NestedProjects) = preSolution
		{8F491199-7F5F-41C7-9FF3-B3BA4E9D3ADE} = {9E14A1B2-D843-4BF5-B10E-ACECB9632F43}
		{4C008610-ED80-41E4-8010-671B52A9D5F3} = {9E14A1B2-D843-4BF5-B10E-ACECB9632F43}
		{1F22C5FC-1496-458A-B878-9AF1B2DDA8E5} = {9E14A1B2-D843-4BF5-B10E-ACECB9632F43}
	EndGlobalSection
	GlobalSection(ExtensibilityGlobals) = postSolution
		SolutionGuid = {8828262C-07CB-4EFE-A3DF-2188D95E2043}
	EndGlobalSection
EndGlobal
