
Microsoft Visual Studio Solution File, Format Version 12.00
# Visual Studio Version 16
VisualStudioVersion = 16.0.31402.337
MinimumVisualStudioVersion = 10.0.40219.1
Project("{FAE04EC0-301F-11D3-BF4B-00C04F79EFBC}") = "TextSentimentAnalysis", "TextSentimentAnalysis\TextSentimentAnalysis.csproj", "{8F491199-7F5F-41C7-9FF3-B3BA4E9D3ADE}"
EndProject
Project("{2150E333-8FDC-42A3-9474-1A3956D46DE8}") = "BinaryClassification", "BinaryClassification", "{9E14A1B2-D843-4BF5-B10E-ACECB9632F43}"
EndProject
Project("{FAE04EC0-301F-11D3-BF4B-00C04F79EFBC}") = "XSSDefender.ConsoleClient", "XSSDefender.ConsoleClient\XSSDefender.ConsoleClient.csproj", "{4C008610-ED80-41E4-8010-671B52A9D5F3}"
EndProject
Project("{FAE04EC0-301F-11D3-BF4B-00C04F79EFBC}") = "TextSentimentAnalysisWebApi", "TextSentimentAnalysisWebApi\TextSentimentAnalysisWebApi.csproj", "{1F22C5FC-1496-458A-B878-9AF1B2DDA8E5}"
EndProject
Project("{FAE04EC0-301F-11D3-BF4B-00C04F79EFBC}") = "XSSDefender.WebApp", "XSSDefender.WebApp\XSSDefender.WebApp.csproj", "{E882B495-BBA7-4626-B590-5F21F14918E7}"
EndProject
Project("{2150E333-8FDC-42A3-9474-1A3956D46DE8}") = "MultiClassClassification", "MultiClassClassification", "{F7D5CFCB-813D-497F-B11E-E398E6EBD015}"
EndProject
Project("{FAE04EC0-301F-11D3-BF4B-00C04F79EFBC}") = "GitHubIssues", "GitHubIssues\GitHubIssues.csproj", "{1ECCB429-B995-455B-A31F-32A1875CE589}"
EndProject
Project("{2150E333-8FDC-42A3-9474-1A3956D46DE8}") = "TextTransformations", "TextTransformations", "{B3E37D2F-C3DD-4101-9E9D-E3FA7429CEBA}"
EndProject
Project("{FAE04EC0-301F-11D3-BF4B-00C04F79EFBC}") = "TextTransformationConsoleClient", "TextTransformationConsoleClient\TextTransformationConsoleClient.csproj", "{8E98FC64-8D29-4E0F-8875-835B676B425A}"
EndProject
Project("{9A19103F-16F7-4668-BE54-9A1E7A4F7556}") = "GitHubIsusses_ConsoleApp", "GitHubIsusses_ConsoleApp\GitHubIsusses_ConsoleApp.csproj", "{8F4A0F64-848D-46AA-9839-BB58B14A3A05}"
EndProject
Project("{9A19103F-16F7-4668-BE54-9A1E7A4F7556}") = "GitHubIssues_WebApi", "GitHubIssues_WebApi\GitHubIssues_WebApi.csproj", "{766450D8-CB02-46C4-A260-140D217531A9}"
EndProject
Project("{2150E333-8FDC-42A3-9474-1A3956D46DE8}") = "Regression", "Regression", "{C80032C9-A030-4BB7-98F5-DFEEEAAAF28A}"
EndProject
Project("{FAE04EC0-301F-11D3-BF4B-00C04F79EFBC}") = "PredicatePriceHouses", "PredicatePriceHouses\PredicatePriceHouses.csproj", "{3A27DD69-9C8D-4F47-BFB4-87F37B510E88}"
EndProject
Project("{2150E333-8FDC-42A3-9474-1A3956D46DE8}") = "Forecasting", "Forecasting", "{E2EF8592-CF3A-4D8C-9310-4AFE107709EB}"
EndProject
Project("{FAE04EC0-301F-11D3-BF4B-00C04F79EFBC}") = "Covid19Predicate", "Covid19Predicate\Covid19Predicate.csproj", "{7268390B-D41D-4B38-A107-3BC1003B1D12}"
EndProject
Project("{FAE04EC0-301F-11D3-BF4B-00C04F79EFBC}") = "BitcoinAnomalyDetection", "BitcoinAnomalyDetection\BitcoinAnomalyDetection.csproj", "{D12A4EF3-BAC3-4724-8853-1A949E1A4D66}"
EndProject
Global
	GlobalSection(SolutionConfigurationPlatforms) = preSolution
		Debug|Any CPU = Debug|Any CPU
		Release|Any CPU = Release|Any CPU
	EndGlobalSection
	GlobalSection(ProjectConfigurationPlatforms) = postSolution
		{8F491199-7F5F-41C7-9FF3-B3BA4E9D3ADE}.Debug|Any CPU.ActiveCfg = Debug|Any CPU
		{8F491199-7F5F-41C7-9FF3-B3BA4E9D3ADE}.Debug|Any CPU.Build.0 = Debug|Any CPU
		{8F491199-7F5F-41C7-9FF3-B3BA4E9D3ADE}.Release|Any CPU.ActiveCfg = Release|Any CPU
		{8F491199-7F5F-41C7-9FF3-B3BA4E9D3ADE}.Release|Any CPU.Build.0 = Release|Any CPU
		{4C008610-ED80-41E4-8010-671B52A9D5F3}.Debug|Any CPU.ActiveCfg = Debug|Any CPU
		{4C008610-ED80-41E4-8010-671B52A9D5F3}.Debug|Any CPU.Build.0 = Debug|Any CPU
		{4C008610-ED80-41E4-8010-671B52A9D5F3}.Release|Any CPU.ActiveCfg = Release|Any CPU
		{4C008610-ED80-41E4-8010-671B52A9D5F3}.Release|Any CPU.Build.0 = Release|Any CPU
		{1F22C5FC-1496-458A-B878-9AF1B2DDA8E5}.Debug|Any CPU.ActiveCfg = Debug|Any CPU
		{1F22C5FC-1496-458A-B878-9AF1B2DDA8E5}.Debug|Any CPU.Build.0 = Debug|Any CPU
		{1F22C5FC-1496-458A-B878-9AF1B2DDA8E5}.Release|Any CPU.ActiveCfg = Release|Any CPU
		{1F22C5FC-1496-458A-B878-9AF1B2DDA8E5}.Release|Any CPU.Build.0 = Release|Any CPU
		{E882B495-BBA7-4626-B590-5F21F14918E7}.Debug|Any CPU.ActiveCfg = Debug|Any CPU
		{E882B495-BBA7-4626-B590-5F21F14918E7}.Debug|Any CPU.Build.0 = Debug|Any CPU
		{E882B495-BBA7-4626-B590-5F21F14918E7}.Release|Any CPU.ActiveCfg = Release|Any CPU
		{E882B495-BBA7-4626-B590-5F21F14918E7}.Release|Any CPU.Build.0 = Release|Any CPU
		{1ECCB429-B995-455B-A31F-32A1875CE589}.Debug|Any CPU.ActiveCfg = Debug|Any CPU
		{1ECCB429-B995-455B-A31F-32A1875CE589}.Debug|Any CPU.Build.0 = Debug|Any CPU
		{1ECCB429-B995-455B-A31F-32A1875CE589}.Release|Any CPU.ActiveCfg = Release|Any CPU
		{1ECCB429-B995-455B-A31F-32A1875CE589}.Release|Any CPU.Build.0 = Release|Any CPU
		{8E98FC64-8D29-4E0F-8875-835B676B425A}.Debug|Any CPU.ActiveCfg = Debug|Any CPU
		{8E98FC64-8D29-4E0F-8875-835B676B425A}.Debug|Any CPU.Build.0 = Debug|Any CPU
		{8E98FC64-8D29-4E0F-8875-835B676B425A}.Release|Any CPU.ActiveCfg = Release|Any CPU
		{8E98FC64-8D29-4E0F-8875-835B676B425A}.Release|Any CPU.Build.0 = Release|Any CPU
		{8F4A0F64-848D-46AA-9839-BB58B14A3A05}.Debug|Any CPU.ActiveCfg = Debug|Any CPU
		{8F4A0F64-848D-46AA-9839-BB58B14A3A05}.Debug|Any CPU.Build.0 = Debug|Any CPU
		{8F4A0F64-848D-46AA-9839-BB58B14A3A05}.Release|Any CPU.ActiveCfg = Release|Any CPU
		{8F4A0F64-848D-46AA-9839-BB58B14A3A05}.Release|Any CPU.Build.0 = Release|Any CPU
		{766450D8-CB02-46C4-A260-140D217531A9}.Debug|Any CPU.ActiveCfg = Debug|Any CPU
		{766450D8-CB02-46C4-A260-140D217531A9}.Debug|Any CPU.Build.0 = Debug|Any CPU
		{766450D8-CB02-46C4-A260-140D217531A9}.Release|Any CPU.ActiveCfg = Release|Any CPU
		{766450D8-CB02-46C4-A260-140D217531A9}.Release|Any CPU.Build.0 = Release|Any CPU
		{3A27DD69-9C8D-4F47-BFB4-87F37B510E88}.Debug|Any CPU.ActiveCfg = Debug|Any CPU
		{3A27DD69-9C8D-4F47-BFB4-87F37B510E88}.Debug|Any CPU.Build.0 = Debug|Any CPU
		{3A27DD69-9C8D-4F47-BFB4-87F37B510E88}.Release|Any CPU.ActiveCfg = Release|Any CPU
		{3A27DD69-9C8D-4F47-BFB4-87F37B510E88}.Release|Any CPU.Build.0 = Release|Any CPU
		{7268390B-D41D-4B38-A107-3BC1003B1D12}.Debug|Any CPU.ActiveCfg = Debug|Any CPU
		{7268390B-D41D-4B38-A107-3BC1003B1D12}.Debug|Any CPU.Build.0 = Debug|Any CPU
		{7268390B-D41D-4B38-A107-3BC1003B1D12}.Release|Any CPU.ActiveCfg = Release|Any CPU
		{7268390B-D41D-4B38-A107-3BC1003B1D12}.Release|Any CPU.Build.0 = Release|Any CPU
		{D12A4EF3-BAC3-4724-8853-1A949E1A4D66}.Debug|Any CPU.ActiveCfg = Debug|Any CPU
		{D12A4EF3-BAC3-4724-8853-1A949E1A4D66}.Debug|Any CPU.Build.0 = Debug|Any CPU
		{D12A4EF3-BAC3-4724-8853-1A949E1A4D66}.Release|Any CPU.ActiveCfg = Release|Any CPU
		{D12A4EF3-BAC3-4724-8853-1A949E1A4D66}.Release|Any CPU.Build.0 = Release|Any CPU
	EndGlobalSection
	GlobalSection(SolutionProperties) = preSolution
		HideSolutionNode = FALSE
	EndGlobalSection
	GlobalSection(NestedProjects) = preSolution
		{8F491199-7F5F-41C7-9FF3-B3BA4E9D3ADE} = {9E14A1B2-D843-4BF5-B10E-ACECB9632F43}
		{4C008610-ED80-41E4-8010-671B52A9D5F3} = {9E14A1B2-D843-4BF5-B10E-ACECB9632F43}
		{1F22C5FC-1496-458A-B878-9AF1B2DDA8E5} = {9E14A1B2-D843-4BF5-B10E-ACECB9632F43}
		{E882B495-BBA7-4626-B590-5F21F14918E7} = {9E14A1B2-D843-4BF5-B10E-ACECB9632F43}
		{1ECCB429-B995-455B-A31F-32A1875CE589} = {F7D5CFCB-813D-497F-B11E-E398E6EBD015}
		{8E98FC64-8D29-4E0F-8875-835B676B425A} = {B3E37D2F-C3DD-4101-9E9D-E3FA7429CEBA}
		{3A27DD69-9C8D-4F47-BFB4-87F37B510E88} = {C80032C9-A030-4BB7-98F5-DFEEEAAAF28A}
		{7268390B-D41D-4B38-A107-3BC1003B1D12} = {E2EF8592-CF3A-4D8C-9310-4AFE107709EB}
		{D12A4EF3-BAC3-4724-8853-1A949E1A4D66} = {E2EF8592-CF3A-4D8C-9310-4AFE107709EB}
	EndGlobalSection
	GlobalSection(ExtensibilityGlobals) = postSolution
		SolutionGuid = {8828262C-07CB-4EFE-A3DF-2188D95E2043}
	EndGlobalSection
EndGlobal
