
Microsoft Visual Studio Solution File, Format Version 12.00
# Visual Studio Version 16
VisualStudioVersion = 16.0.31402.337
MinimumVisualStudioVersion = 10.0.40219.1
Project("{9A19103F-16F7-4668-BE54-9A1E7A4F7556}") = "TextSentimentAnalysis", "TextSentimentAnalysis\TextSentimentAnalysis.csproj", "{8F491199-7F5F-41C7-9FF3-B3BA4E9D3ADE}"
EndProject
Project("{2150E333-8FDC-42A3-9474-1A3956D46DE8}") = "BinaryClassification", "BinaryClassification", "{9E14A1B2-D843-4BF5-B10E-ACECB9632F43}"
EndProject
Project("{9A19103F-16F7-4668-BE54-9A1E7A4F7556}") = "XSSDefender.ConsoleClient", "XSSDefender.ConsoleClient\XSSDefender.ConsoleClient.csproj", "{4C008610-ED80-41E4-8010-671B52A9D5F3}"
EndProject
Project("{9A19103F-16F7-4668-BE54-9A1E7A4F7556}") = "TextSentimentAnalysisWebApi", "TextSentimentAnalysisWebApi\TextSentimentAnalysisWebApi.csproj", "{1F22C5FC-1496-458A-B878-9AF1B2DDA8E5}"
EndProject
Project("{9A19103F-16F7-4668-BE54-9A1E7A4F7556}") = "XSSDefender.WebApp", "XSSDefender.WebApp\XSSDefender.WebApp.csproj", "{E882B495-BBA7-4626-B590-5F21F14918E7}"
EndProject
Project("{2150E333-8FDC-42A3-9474-1A3956D46DE8}") = "MultiClassClassification", "MultiClassClassification", "{F7D5CFCB-813D-497F-B11E-E398E6EBD015}"
EndProject
Project("{9A19103F-16F7-4668-BE54-9A1E7A4F7556}") = "GitHubIssues", "GitHubIssues\GitHubIssues.csproj", "{1ECCB429-B995-455B-A31F-32A1875CE589}"
EndProject
Project("{2150E333-8FDC-42A3-9474-1A3956D46DE8}") = "TextTransformations", "TextTransformations", "{B3E37D2F-C3DD-4101-9E9D-E3FA7429CEBA}"
EndProject
Project("{9A19103F-16F7-4668-BE54-9A1E7A4F7556}") = "TextTransformationConsoleClient", "TextTransformationConsoleClient\TextTransformationConsoleClient.csproj", "{8E98FC64-8D29-4E0F-8875-835B676B425A}"
EndProject
Project("{2150E333-8FDC-42A3-9474-1A3956D46DE8}") = "Regression", "Regression", "{C80032C9-A030-4BB7-98F5-DFEEEAAAF28A}"
EndProject
Project("{9A19103F-16F7-4668-BE54-9A1E7A4F7556}") = "PredicatePriceHouses", "PredicatePriceHouses\PredicatePriceHouses.csproj", "{3A27DD69-9C8D-4F47-BFB4-87F37B510E88}"
EndProject
Project("{2150E333-8FDC-42A3-9474-1A3956D46DE8}") = "Forecasting", "Forecasting", "{E2EF8592-CF3A-4D8C-9310-4AFE107709EB}"
EndProject
Project("{9A19103F-16F7-4668-BE54-9A1E7A4F7556}") = "Covid19Predicate", "Covid19Predicate\Covid19Predicate.csproj", "{7268390B-D41D-4B38-A107-3BC1003B1D12}"
EndProject
Project("{9A19103F-16F7-4668-BE54-9A1E7A4F7556}") = "BitcoinAnomalyDetection", "BitcoinAnomalyDetection\BitcoinAnomalyDetection.csproj", "{D12A4EF3-BAC3-4724-8853-1A949E1A4D66}"
EndProject
Project("{9A19103F-16F7-4668-BE54-9A1E7A4F7556}") = "ImageRecognition", "ImageRecognition\ImageRecognition.csproj", "{248707CB-B1AD-43D2-9047-307E43355E83}"
EndProject
Project("{2150E333-8FDC-42A3-9474-1A3956D46DE8}") = "Charts", "Charts", "{81EEB5C2-04A4-4D66-B927-3D94099AFB25}"
EndProject
Project("{9A19103F-16F7-4668-BE54-9A1E7A4F7556}") = "ChartDemo", "ChartDemo\ChartDemo.csproj", "{A8913806-89CB-45F4-A7F4-DE7CA20B6D58}"
EndProject
Project("{2150E333-8FDC-42A3-9474-1A3956D46DE8}") = "Recommendation", "Recommendation", "{DA7554C8-4504-4646-AE36-F6914BFC8147}"
EndProject
Project("{9A19103F-16F7-4668-BE54-9A1E7A4F7556}") = "MovieRecommendation", "MovieRecommendation\MovieRecommendation.csproj", "{A6F981D5-16E7-4394-B858-A1FC299D69F3}"
EndProject
Project("{2150E333-8FDC-42A3-9474-1A3956D46DE8}") = "AutoML", "AutoML", "{C24A6AD2-8321-4975-91BD-8328CD74031E}"
EndProject
Project("{9A19103F-16F7-4668-BE54-9A1E7A4F7556}") = "PriceHousePredicate", "PriceHousePredicate\PriceHousePredicate.csproj", "{DD97F6DA-E171-4121-AEA0-F81D063096EA}"
EndProject
Project("{9A19103F-16F7-4668-BE54-9A1E7A4F7556}") = "BlazorWebApplication", "BlazorWebApplication\BlazorWebApplication.csproj", "{8E05D737-3B35-4490-8FE6-ACC684D9B23C}"
EndProject
Project("{2150E333-8FDC-42A3-9474-1A3956D46DE8}") = "MLFlow", "MLFlow", "{0C7FFF1B-1E0D-4F79-A55E-14FDEF28E0FD}"
EndProject
Project("{FAE04EC0-301F-11D3-BF4B-00C04F79EFBC}") = "MLFlowConsoleClient", "MLFlowConsoleClient\MLFlowConsoleClient.csproj", "{6C187261-8975-4A2C-8E34-9DF0147FB186}"
EndProject
Global
	GlobalSection(SolutionConfigurationPlatforms) = preSolution
		Debug|Any CPU = Debug|Any CPU
		Release|Any CPU = Release|Any CPU
	EndGlobalSection
	GlobalSection(ProjectConfigurationPlatforms) = postSolution
		{8F491199-7F5F-41C7-9FF3-B3BA4E9D3ADE}.Debug|Any CPU.ActiveCfg = Debug|Any CPU
		{8F491199-7F5F-41C7-9FF3-B3BA4E9D3ADE}.Debug|Any CPU.Build.0 = Debug|Any CPU
		{8F491199-7F5F-41C7-9FF3-B3BA4E9D3ADE}.Release|Any CPU.ActiveCfg = Release|Any CPU
		{8F491199-7F5F-41C7-9FF3-B3BA4E9D3ADE}.Release|Any CPU.Build.0 = Release|Any CPU
		{4C008610-ED80-41E4-8010-671B52A9D5F3}.Debug|Any CPU.ActiveCfg = Debug|Any CPU
		{4C008610-ED80-41E4-8010-671B52A9D5F3}.Debug|Any CPU.Build.0 = Debug|Any CPU
		{4C008610-ED80-41E4-8010-671B52A9D5F3}.Release|Any CPU.ActiveCfg = Release|Any CPU
		{4C008610-ED80-41E4-8010-671B52A9D5F3}.Release|Any CPU.Build.0 = Release|Any CPU
		{1F22C5FC-1496-458A-B878-9AF1B2DDA8E5}.Debug|Any CPU.ActiveCfg = Debug|Any CPU
		{1F22C5FC-1496-458A-B878-9AF1B2DDA8E5}.Debug|Any CPU.Build.0 = Debug|Any CPU
		{1F22C5FC-1496-458A-B878-9AF1B2DDA8E5}.Release|Any CPU.ActiveCfg = Release|Any CPU
		{1F22C5FC-1496-458A-B878-9AF1B2DDA8E5}.Release|Any CPU.Build.0 = Release|Any CPU
		{E882B495-BBA7-4626-B590-5F21F14918E7}.Debug|Any CPU.ActiveCfg = Debug|Any CPU
		{E882B495-BBA7-4626-B590-5F21F14918E7}.Debug|Any CPU.Build.0 = Debug|Any CPU
		{E882B495-BBA7-4626-B590-5F21F14918E7}.Release|Any CPU.ActiveCfg = Release|Any CPU
		{E882B495-BBA7-4626-B590-5F21F14918E7}.Release|Any CPU.Build.0 = Release|Any CPU
		{1ECCB429-B995-455B-A31F-32A1875CE589}.Debug|Any CPU.ActiveCfg = Debug|Any CPU
		{1ECCB429-B995-455B-A31F-32A1875CE589}.Debug|Any CPU.Build.0 = Debug|Any CPU
		{1ECCB429-B995-455B-A31F-32A1875CE589}.Release|Any CPU.ActiveCfg = Release|Any CPU
		{1ECCB429-B995-455B-A31F-32A1875CE589}.Release|Any CPU.Build.0 = Release|Any CPU
		{8E98FC64-8D29-4E0F-8875-835B676B425A}.Debug|Any CPU.ActiveCfg = Debug|Any CPU
		{8E98FC64-8D29-4E0F-8875-835B676B425A}.Debug|Any CPU.Build.0 = Debug|Any CPU
		{8E98FC64-8D29-4E0F-8875-835B676B425A}.Release|Any CPU.ActiveCfg = Release|Any CPU
		{8E98FC64-8D29-4E0F-8875-835B676B425A}.Release|Any CPU.Build.0 = Release|Any CPU
		{3A27DD69-9C8D-4F47-BFB4-87F37B510E88}.Debug|Any CPU.ActiveCfg = Debug|Any CPU
		{3A27DD69-9C8D-4F47-BFB4-87F37B510E88}.Debug|Any CPU.Build.0 = Debug|Any CPU
		{3A27DD69-9C8D-4F47-BFB4-87F37B510E88}.Release|Any CPU.ActiveCfg = Release|Any CPU
		{3A27DD69-9C8D-4F47-BFB4-87F37B510E88}.Release|Any CPU.Build.0 = Release|Any CPU
		{7268390B-D41D-4B38-A107-3BC1003B1D12}.Debug|Any CPU.ActiveCfg = Debug|Any CPU
		{7268390B-D41D-4B38-A107-3BC1003B1D12}.Debug|Any CPU.Build.0 = Debug|Any CPU
		{7268390B-D41D-4B38-A107-3BC1003B1D12}.Release|Any CPU.ActiveCfg = Release|Any CPU
		{7268390B-D41D-4B38-A107-3BC1003B1D12}.Release|Any CPU.Build.0 = Release|Any CPU
		{D12A4EF3-BAC3-4724-8853-1A949E1A4D66}.Debug|Any CPU.ActiveCfg = Debug|Any CPU
		{D12A4EF3-BAC3-4724-8853-1A949E1A4D66}.Debug|Any CPU.Build.0 = Debug|Any CPU
		{D12A4EF3-BAC3-4724-8853-1A949E1A4D66}.Release|Any CPU.ActiveCfg = Release|Any CPU
		{D12A4EF3-BAC3-4724-8853-1A949E1A4D66}.Release|Any CPU.Build.0 = Release|Any CPU
		{248707CB-B1AD-43D2-9047-307E43355E83}.Debug|Any CPU.ActiveCfg = Debug|Any CPU
		{248707CB-B1AD-43D2-9047-307E43355E83}.Debug|Any CPU.Build.0 = Debug|Any CPU
		{248707CB-B1AD-43D2-9047-307E43355E83}.Release|Any CPU.ActiveCfg = Release|Any CPU
		{248707CB-B1AD-43D2-9047-307E43355E83}.Release|Any CPU.Build.0 = Release|Any CPU
		{A8913806-89CB-45F4-A7F4-DE7CA20B6D58}.Debug|Any CPU.ActiveCfg = Debug|Any CPU
		{A8913806-89CB-45F4-A7F4-DE7CA20B6D58}.Debug|Any CPU.Build.0 = Debug|Any CPU
		{A8913806-89CB-45F4-A7F4-DE7CA20B6D58}.Release|Any CPU.ActiveCfg = Release|Any CPU
		{A8913806-89CB-45F4-A7F4-DE7CA20B6D58}.Release|Any CPU.Build.0 = Release|Any CPU
		{A6F981D5-16E7-4394-B858-A1FC299D69F3}.Debug|Any CPU.ActiveCfg = Debug|Any CPU
		{A6F981D5-16E7-4394-B858-A1FC299D69F3}.Debug|Any CPU.Build.0 = Debug|Any CPU
		{A6F981D5-16E7-4394-B858-A1FC299D69F3}.Release|Any CPU.ActiveCfg = Release|Any CPU
		{A6F981D5-16E7-4394-B858-A1FC299D69F3}.Release|Any CPU.Build.0 = Release|Any CPU
		{DD97F6DA-E171-4121-AEA0-F81D063096EA}.Debug|Any CPU.ActiveCfg = Debug|Any CPU
		{DD97F6DA-E171-4121-AEA0-F81D063096EA}.Debug|Any CPU.Build.0 = Debug|Any CPU
		{DD97F6DA-E171-4121-AEA0-F81D063096EA}.Release|Any CPU.ActiveCfg = Release|Any CPU
		{DD97F6DA-E171-4121-AEA0-F81D063096EA}.Release|Any CPU.Build.0 = Release|Any CPU
		{8E05D737-3B35-4490-8FE6-ACC684D9B23C}.Debug|Any CPU.ActiveCfg = Debug|Any CPU
		{8E05D737-3B35-4490-8FE6-ACC684D9B23C}.Debug|Any CPU.Build.0 = Debug|Any CPU
		{8E05D737-3B35-4490-8FE6-ACC684D9B23C}.Release|Any CPU.ActiveCfg = Release|Any CPU
		{8E05D737-3B35-4490-8FE6-ACC684D9B23C}.Release|Any CPU.Build.0 = Release|Any CPU
		{6C187261-8975-4A2C-8E34-9DF0147FB186}.Debug|Any CPU.ActiveCfg = Debug|Any CPU
		{6C187261-8975-4A2C-8E34-9DF0147FB186}.Debug|Any CPU.Build.0 = Debug|Any CPU
		{6C187261-8975-4A2C-8E34-9DF0147FB186}.Release|Any CPU.ActiveCfg = Release|Any CPU
		{6C187261-8975-4A2C-8E34-9DF0147FB186}.Release|Any CPU.Build.0 = Release|Any CPU
	EndGlobalSection
	GlobalSection(SolutionProperties) = preSolution
		HideSolutionNode = FALSE
	EndGlobalSection
	GlobalSection(NestedProjects) = preSolution
		{8F491199-7F5F-41C7-9FF3-B3BA4E9D3ADE} = {9E14A1B2-D843-4BF5-B10E-ACECB9632F43}
		{4C008610-ED80-41E4-8010-671B52A9D5F3} = {9E14A1B2-D843-4BF5-B10E-ACECB9632F43}
		{1F22C5FC-1496-458A-B878-9AF1B2DDA8E5} = {9E14A1B2-D843-4BF5-B10E-ACECB9632F43}
		{E882B495-BBA7-4626-B590-5F21F14918E7} = {9E14A1B2-D843-4BF5-B10E-ACECB9632F43}
		{1ECCB429-B995-455B-A31F-32A1875CE589} = {F7D5CFCB-813D-497F-B11E-E398E6EBD015}
		{8E98FC64-8D29-4E0F-8875-835B676B425A} = {B3E37D2F-C3DD-4101-9E9D-E3FA7429CEBA}
		{3A27DD69-9C8D-4F47-BFB4-87F37B510E88} = {C80032C9-A030-4BB7-98F5-DFEEEAAAF28A}
		{7268390B-D41D-4B38-A107-3BC1003B1D12} = {E2EF8592-CF3A-4D8C-9310-4AFE107709EB}
		{D12A4EF3-BAC3-4724-8853-1A949E1A4D66} = {E2EF8592-CF3A-4D8C-9310-4AFE107709EB}
		{248707CB-B1AD-43D2-9047-307E43355E83} = {F7D5CFCB-813D-497F-B11E-E398E6EBD015}
		{A8913806-89CB-45F4-A7F4-DE7CA20B6D58} = {81EEB5C2-04A4-4D66-B927-3D94099AFB25}
		{A6F981D5-16E7-4394-B858-A1FC299D69F3} = {DA7554C8-4504-4646-AE36-F6914BFC8147}
		{DD97F6DA-E171-4121-AEA0-F81D063096EA} = {C24A6AD2-8321-4975-91BD-8328CD74031E}
		{6C187261-8975-4A2C-8E34-9DF0147FB186} = {0C7FFF1B-1E0D-4F79-A55E-14FDEF28E0FD}
	EndGlobalSection
	GlobalSection(ExtensibilityGlobals) = postSolution
		SolutionGuid = {8828262C-07CB-4EFE-A3DF-2188D95E2043}
	EndGlobalSection
EndGlobal
